
Microsoft Visual Studio Solution File, Format Version 12.00
# Visual Studio Version 17
VisualStudioVersion = 17.8.34309.116
MinimumVisualStudioVersion = 10.0.40219.1
Project("{FAE04EC0-301F-11D3-BF4B-00C04F79EFBC}") = "mustafa-oge-homework-1", "mustafa-oge-homework-1.csproj", "{016C4088-02DE-4E96-A9BB-810CDD7028E2}"
EndProject
Global
	GlobalSection(SolutionConfigurationPlatforms) = preSolution
		Debug|Any CPU = Debug|Any CPU
		Release|Any CPU = Release|Any CPU
	EndGlobalSection
	GlobalSection(ProjectConfigurationPlatforms) = postSolution
		{016C4088-02DE-4E96-A9BB-810CDD7028E2}.Debug|Any CPU.ActiveCfg = Debug|Any CPU
		{016C4088-02DE-4E96-A9BB-810CDD7028E2}.Debug|Any CPU.Build.0 = Debug|Any CPU
		{016C4088-02DE-4E96-A9BB-810CDD7028E2}.Release|Any CPU.ActiveCfg = Release|Any CPU
		{016C4088-02DE-4E96-A9BB-810CDD7028E2}.Release|Any CPU.Build.0 = Release|Any CPU
	EndGlobalSection
	GlobalSection(SolutionProperties) = preSolution
		HideSolutionNode = FALSE
	EndGlobalSection
	GlobalSection(ExtensibilityGlobals) = postSolution
		SolutionGuid = {0CDAC939-8CD7-4A8A-8E62-EF5DB70AF11A}
	EndGlobalSection
EndGlobal
